
Microsoft Visual Studio Solution File, Format Version 12.00
Project("{FAE04EC0-301F-11D3-BF4B-00C04F79EFBC}") = "ParquetSharp.Dataset", "ParquetSharp.Dataset\ParquetSharp.Dataset.csproj", "{5387E2A1-378E-4C3C-B5FB-84F5517B55F7}"
EndProject
Project("{FAE04EC0-301F-11D3-BF4B-00C04F79EFBC}") = "ParquetSharp.Dataset.Test", "ParquetSharp.Dataset.Test\ParquetSharp.Dataset.Test.csproj", "{826AF241-4060-4D57-896A-19138A9C5DBB}"
EndProject
Project("{FAE04EC0-301F-11D3-BF4B-00C04F79EFBC}") = "ParquetSharp.Dataset.Benchmark", "ParquetSharp.Dataset.Benchmark\ParquetSharp.Dataset.Benchmark.csproj", "{FFF22C4C-D90F-4753-A427-BB0BB49F5794}"
EndProject
Global
	GlobalSection(SolutionConfigurationPlatforms) = preSolution
		Debug|Any CPU = Debug|Any CPU
		Release|Any CPU = Release|Any CPU
	EndGlobalSection
	GlobalSection(ProjectConfigurationPlatforms) = postSolution
		{5387E2A1-378E-4C3C-B5FB-84F5517B55F7}.Debug|Any CPU.ActiveCfg = Debug|Any CPU
		{5387E2A1-378E-4C3C-B5FB-84F5517B55F7}.Debug|Any CPU.Build.0 = Debug|Any CPU
		{5387E2A1-378E-4C3C-B5FB-84F5517B55F7}.Release|Any CPU.ActiveCfg = Release|Any CPU
		{5387E2A1-378E-4C3C-B5FB-84F5517B55F7}.Release|Any CPU.Build.0 = Release|Any CPU
		{826AF241-4060-4D57-896A-19138A9C5DBB}.Debug|Any CPU.ActiveCfg = Debug|Any CPU
		{826AF241-4060-4D57-896A-19138A9C5DBB}.Debug|Any CPU.Build.0 = Debug|Any CPU
		{826AF241-4060-4D57-896A-19138A9C5DBB}.Release|Any CPU.ActiveCfg = Release|Any CPU
		{826AF241-4060-4D57-896A-19138A9C5DBB}.Release|Any CPU.Build.0 = Release|Any CPU
		{FFF22C4C-D90F-4753-A427-BB0BB49F5794}.Debug|Any CPU.ActiveCfg = Debug|Any CPU
		{FFF22C4C-D90F-4753-A427-BB0BB49F5794}.Debug|Any CPU.Build.0 = Debug|Any CPU
		{FFF22C4C-D90F-4753-A427-BB0BB49F5794}.Release|Any CPU.ActiveCfg = Release|Any CPU
		{FFF22C4C-D90F-4753-A427-BB0BB49F5794}.Release|Any CPU.Build.0 = Release|Any CPU
	EndGlobalSection
EndGlobal
